
Microsoft Visual Studio Solution File, Format Version 12.00
# Visual Studio 15
VisualStudioVersion = 15.0.28307.421
MinimumVisualStudioVersion = 10.0.40219.1
Project("{FAE04EC0-301F-11D3-BF4B-00C04F79EFBC}") = "CsLib", "..\CsLib\CsLib.csproj", "{7201AB9E-74F8-42EA-8D23-DCEB652EF77D}"
EndProject
Project("{FAE04EC0-301F-11D3-BF4B-00C04F79EFBC}") = "LogClient", "..\LogClient\LogClient.csproj", "{7C90937F-7719-423C-B0DB-449AF5F5F135}"
EndProject
Project("{FAE04EC0-301F-11D3-BF4B-00C04F79EFBC}") = "Lazylog", "Lazylog.csproj", "{7D1357EC-1767-4622-87FD-697230583DF8}"
EndProject
Global
	GlobalSection(SolutionConfigurationPlatforms) = preSolution
		Debug|Any CPU = Debug|Any CPU
		Release|Any CPU = Release|Any CPU
	EndGlobalSection
	GlobalSection(ProjectConfigurationPlatforms) = postSolution
		{7201AB9E-74F8-42EA-8D23-DCEB652EF77D}.Debug|Any CPU.ActiveCfg = Debug|Any CPU
		{7201AB9E-74F8-42EA-8D23-DCEB652EF77D}.Debug|Any CPU.Build.0 = Debug|Any CPU
		{7201AB9E-74F8-42EA-8D23-DCEB652EF77D}.Release|Any CPU.ActiveCfg = Release|Any CPU
		{7201AB9E-74F8-42EA-8D23-DCEB652EF77D}.Release|Any CPU.Build.0 = Release|Any CPU
		{7C90937F-7719-423C-B0DB-449AF5F5F135}.Debug|Any CPU.ActiveCfg = Debug|Any CPU
		{7C90937F-7719-423C-B0DB-449AF5F5F135}.Debug|Any CPU.Build.0 = Debug|Any CPU
		{7C90937F-7719-423C-B0DB-449AF5F5F135}.Release|Any CPU.ActiveCfg = Release|Any CPU
		{7C90937F-7719-423C-B0DB-449AF5F5F135}.Release|Any CPU.Build.0 = Release|Any CPU
		{7D1357EC-1767-4622-87FD-697230583DF8}.Debug|Any CPU.ActiveCfg = Debug|Any CPU
		{7D1357EC-1767-4622-87FD-697230583DF8}.Debug|Any CPU.Build.0 = Debug|Any CPU
		{7D1357EC-1767-4622-87FD-697230583DF8}.Release|Any CPU.ActiveCfg = Release|Any CPU
		{7D1357EC-1767-4622-87FD-697230583DF8}.Release|Any CPU.Build.0 = Release|Any CPU
	EndGlobalSection
	GlobalSection(SolutionProperties) = preSolution
		HideSolutionNode = FALSE
	EndGlobalSection
	GlobalSection(ExtensibilityGlobals) = postSolution
		SolutionGuid = {5CCF856E-58E3-415A-BFB8-785281176A34}
	EndGlobalSection
EndGlobal
